
Microsoft Visual Studio Solution File, Format Version 11.00
# Visual Studio 2010
Project("{FAE04EC0-301F-11D3-BF4B-00C04F79EFBC}") = "UniTask.Linq", "UniTask.Linq.csproj", "{40d1dbf6-cb3c-03a5-6496-a8b753fa8443}"
EndProject
Project("{FAE04EC0-301F-11D3-BF4B-00C04F79EFBC}") = "UniTask", "UniTask.csproj", "{98510dbf-05dd-c99a-bbe5-3869f0951cd0}"
EndProject
Project("{FAE04EC0-301F-11D3-BF4B-00C04F79EFBC}") = "Assembly-CSharp", "Assembly-CSharp.csproj", "{45a5529e-5193-7929-c99c-fab74345087d}"
EndProject
Project("{FAE04EC0-301F-11D3-BF4B-00C04F79EFBC}") = "Loading", "Loading.csproj", "{4de946db-d00a-96c6-3a4a-0c32ef3f5612}"
EndProject
Project("{FAE04EC0-301F-11D3-BF4B-00C04F79EFBC}") = "Assembly-CSharp-firstpass", "Assembly-CSharp-firstpass.csproj", "{804c2923-b7ea-b540-d321-8cefab8f0201}"
EndProject
Project("{FAE04EC0-301F-11D3-BF4B-00C04F79EFBC}") = "UniTask.Addressables", "UniTask.Addressables.csproj", "{a2a6fca0-7acd-489d-664f-a87f46e32e0b}"
EndProject
Project("{FAE04EC0-301F-11D3-BF4B-00C04F79EFBC}") = "UniTask.TextMeshPro", "UniTask.TextMeshPro.csproj", "{3debe419-fd65-c806-9466-e46bf5c71d00}"
EndProject
Project("{FAE04EC0-301F-11D3-BF4B-00C04F79EFBC}") = "UniTask.DOTween", "UniTask.DOTween.csproj", "{2418f8ec-6ff5-5210-4c52-5ee778cf5d14}"
EndProject
Project("{FAE04EC0-301F-11D3-BF4B-00C04F79EFBC}") = "UniTask.Editor", "UniTask.Editor.csproj", "{080746ed-4ba3-b678-36c2-4559c933d89f}"
EndProject
Global
	GlobalSection(SolutionConfigurationPlatforms) = preSolution
		Debug|Any CPU = Debug|Any CPU
	EndGlobalSection
	GlobalSection(ProjectConfigurationPlatforms) = postSolution
		{40d1dbf6-cb3c-03a5-6496-a8b753fa8443}.Debug|Any CPU.ActiveCfg = Debug|Any CPU
		{40d1dbf6-cb3c-03a5-6496-a8b753fa8443}.Debug|Any CPU.Build.0 = Debug|Any CPU
		{98510dbf-05dd-c99a-bbe5-3869f0951cd0}.Debug|Any CPU.ActiveCfg = Debug|Any CPU
		{98510dbf-05dd-c99a-bbe5-3869f0951cd0}.Debug|Any CPU.Build.0 = Debug|Any CPU
		{45a5529e-5193-7929-c99c-fab74345087d}.Debug|Any CPU.ActiveCfg = Debug|Any CPU
		{45a5529e-5193-7929-c99c-fab74345087d}.Debug|Any CPU.Build.0 = Debug|Any CPU
		{4de946db-d00a-96c6-3a4a-0c32ef3f5612}.Debug|Any CPU.ActiveCfg = Debug|Any CPU
		{4de946db-d00a-96c6-3a4a-0c32ef3f5612}.Debug|Any CPU.Build.0 = Debug|Any CPU
		{804c2923-b7ea-b540-d321-8cefab8f0201}.Debug|Any CPU.ActiveCfg = Debug|Any CPU
		{804c2923-b7ea-b540-d321-8cefab8f0201}.Debug|Any CPU.Build.0 = Debug|Any CPU
		{a2a6fca0-7acd-489d-664f-a87f46e32e0b}.Debug|Any CPU.ActiveCfg = Debug|Any CPU
		{a2a6fca0-7acd-489d-664f-a87f46e32e0b}.Debug|Any CPU.Build.0 = Debug|Any CPU
		{3debe419-fd65-c806-9466-e46bf5c71d00}.Debug|Any CPU.ActiveCfg = Debug|Any CPU
		{3debe419-fd65-c806-9466-e46bf5c71d00}.Debug|Any CPU.Build.0 = Debug|Any CPU
		{2418f8ec-6ff5-5210-4c52-5ee778cf5d14}.Debug|Any CPU.ActiveCfg = Debug|Any CPU
		{2418f8ec-6ff5-5210-4c52-5ee778cf5d14}.Debug|Any CPU.Build.0 = Debug|Any CPU
		{080746ed-4ba3-b678-36c2-4559c933d89f}.Debug|Any CPU.ActiveCfg = Debug|Any CPU
		{080746ed-4ba3-b678-36c2-4559c933d89f}.Debug|Any CPU.Build.0 = Debug|Any CPU
	EndGlobalSection
	GlobalSection(SolutionProperties) = preSolution
		HideSolutionNode = FALSE
	EndGlobalSection
EndGlobal
